// !$*UTF8*$!
{
	archiveVersion = 1;
	classes = {
	};
	objectVersion = 50;
	objects = {

/* Begin PBXBuildFile section */
		50332A602552BF0C0002F3CF /* StoryLabApp.swift in Sources */ = {isa = PBXBuildFile; fileRef = 50332A5F2552BF0C0002F3CF /* StoryLabApp.swift */; };
		50332A622552BF0C0002F3CF /* ContentView.swift in Sources */ = {isa = PBXBuildFile; fileRef = 50332A612552BF0C0002F3CF /* ContentView.swift */; };
		50332A642552BF0F0002F3CF /* Assets.xcassets in Resources */ = {isa = PBXBuildFile; fileRef = 50332A632552BF0F0002F3CF /* Assets.xcassets */; };
		50332A672552BF0F0002F3CF /* Preview Assets.xcassets in Resources */ = {isa = PBXBuildFile; fileRef = 50332A662552BF0F0002F3CF /* Preview Assets.xcassets */; };
		50332A712552C0170002F3CF /* Data.json in Resources */ = {isa = PBXBuildFile; fileRef = 50332A702552C0170002F3CF /* Data.json */; };
		50332A752552C0470002F3CF /* CardView.swift in Sources */ = {isa = PBXBuildFile; fileRef = 50332A742552C0470002F3CF /* CardView.swift */; };
		50332A792552C0630002F3CF /* BottomTray.swift in Sources */ = {isa = PBXBuildFile; fileRef = 50332A782552C0630002F3CF /* BottomTray.swift */; };
		50332A7C2552C0A90002F3CF /* Person.swift in Sources */ = {isa = PBXBuildFile; fileRef = 50332A7B2552C0A90002F3CF /* Person.swift */; };
		50332A802552C1470002F3CF /* BlurView.swift in Sources */ = {isa = PBXBuildFile; fileRef = 50332A7F2552C1470002F3CF /* BlurView.swift */; };
/* End PBXBuildFile section */

/* Begin PBXFileReference section */
		50332A5C2552BF0C0002F3CF /* StoryLab.app */ = {isa = PBXFileReference; explicitFileType = wrapper.application; includeInIndex = 0; path = StoryLab.app; sourceTree = BUILT_PRODUCTS_DIR; };
		50332A5F2552BF0C0002F3CF /* StoryLabApp.swift */ = {isa = PBXFileReference; lastKnownFileType = sourcecode.swift; path = StoryLabApp.swift; sourceTree = "<group>"; };
		50332A612552BF0C0002F3CF /* ContentView.swift */ = {isa = PBXFileReference; lastKnownFileType = sourcecode.swift; path = ContentView.swift; sourceTree = "<group>"; };
		50332A632552BF0F0002F3CF /* Assets.xcassets */ = {isa = PBXFileReference; lastKnownFileType = folder.assetcatalog; path = Assets.xcassets; sourceTree = "<group>"; };
		50332A662552BF0F0002F3CF /* Preview Assets.xcassets */ = {isa = PBXFileReference; lastKnownFileType = folder.assetcatalog; path = "Preview Assets.xcassets"; sourceTree = "<group>"; };
		50332A682552BF0F0002F3CF /* Info.plist */ = {isa = PBXFileReference; lastKnownFileType = text.plist.xml; path = Info.plist; sourceTree = "<group>"; };
		50332A702552C0170002F3CF /* Data.json */ = {isa = PBXFileReference; fileEncoding = 4; lastKnownFileType = text.json; path = Data.json; sourceTree = "<group>"; };
		50332A742552C0470002F3CF /* CardView.swift */ = {isa = PBXFileReference; lastKnownFileType = sourcecode.swift; path = CardView.swift; sourceTree = "<group>"; };
		50332A782552C0630002F3CF /* BottomTray.swift */ = {isa = PBXFileReference; lastKnownFileType = sourcecode.swift; path = BottomTray.swift; sourceTree = "<group>"; };
		50332A7B2552C0A90002F3CF /* Person.swift */ = {isa = PBXFileReference; lastKnownFileType = sourcecode.swift; path = Person.swift; sourceTree = "<group>"; };
		50332A7F2552C1470002F3CF /* BlurView.swift */ = {isa = PBXFileReference; lastKnownFileType = sourcecode.swift; path = BlurView.swift; sourceTree = "<group>"; };
/* End PBXFileReference section */

/* Begin PBXFrameworksBuildPhase section */
		50332A592552BF0C0002F3CF /* Frameworks */ = {
			isa = PBXFrameworksBuildPhase;
			buildActionMask = 2147483647;
			files = (
			);
			runOnlyForDeploymentPostprocessing = 0;
		};
/* End PBXFrameworksBuildPhase section */

/* Begin PBXGroup section */
		50332A532552BF0C0002F3CF = {
			isa = PBXGroup;
			children = (
				50332A5E2552BF0C0002F3CF /* StoryLab */,
				50332A5D2552BF0C0002F3CF /* Products */,
			);
			sourceTree = "<group>";
		};
		50332A5D2552BF0C0002F3CF /* Products */ = {
			isa = PBXGroup;
			children = (
				50332A5C2552BF0C0002F3CF /* StoryLab.app */,
			);
			name = Products;
			sourceTree = "<group>";
		};
		50332A5E2552BF0C0002F3CF /* StoryLab */ = {
			isa = PBXGroup;
			children = (
				50332A5F2552BF0C0002F3CF /* StoryLabApp.swift */,
				50332A702552C0170002F3CF /* Data.json */,
				50332A732552C02F0002F3CF /* Models */,
				50332A632552BF0F0002F3CF /* Assets.xcassets */,
				50332A682552BF0F0002F3CF /* Info.plist */,
				50332A652552BF0F0002F3CF /* Preview Content */,
			);
			path = StoryLab;
			sourceTree = "<group>";
		};
		50332A652552BF0F0002F3CF /* Preview Content */ = {
			isa = PBXGroup;
			children = (
				50332A662552BF0F0002F3CF /* Preview Assets.xcassets */,
			);
			path = "Preview Content";
			sourceTree = "<group>";
		};
		50332A732552C02F0002F3CF /* Models */ = {
			isa = PBXGroup;
			children = (
				50332A612552BF0C0002F3CF /* ContentView.swift */,
				50332A742552C0470002F3CF /* CardView.swift */,
				50332A782552C0630002F3CF /* BottomTray.swift */,
				50332A7B2552C0A90002F3CF /* Person.swift */,
				50332A7F2552C1470002F3CF /* BlurView.swift */,
			);
			path = Models;
			sourceTree = "<group>";
		};
/* End PBXGroup section */

/* Begin PBXNativeTarget section */
		50332A5B2552BF0C0002F3CF /* StoryLab */ = {
			isa = PBXNativeTarget;
			buildConfigurationList = 50332A6B2552BF0F0002F3CF /* Build configuration list for PBXNativeTarget "StoryLab" */;
			buildPhases = (
				50332A582552BF0C0002F3CF /* Sources */,
				50332A592552BF0C0002F3CF /* Frameworks */,
				50332A5A2552BF0C0002F3CF /* Resources */,
			);
			buildRules = (
			);
			dependencies = (
			);
			name = StoryLab;
			productName = StoryLab;
			productReference = 50332A5C2552BF0C0002F3CF /* StoryLab.app */;
			productType = "com.apple.product-type.application";
		};
/* End PBXNativeTarget section */

/* Begin PBXProject section */
		50332A542552BF0C0002F3CF /* Project object */ = {
			isa = PBXProject;
			attributes = {
				LastSwiftUpdateCheck = 1210;
				LastUpgradeCheck = 1210;
				TargetAttributes = {
					50332A5B2552BF0C0002F3CF = {
						CreatedOnToolsVersion = 12.1;
					};
				};
			};
			buildConfigurationList = 50332A572552BF0C0002F3CF /* Build configuration list for PBXProject "StoryLab" */;
			compatibilityVersion = "Xcode 9.3";
			developmentRegion = en;
			hasScannedForEncodings = 0;
			knownRegions = (
				en,
				Base,
			);
			mainGroup = 50332A532552BF0C0002F3CF;
			productRefGroup = 50332A5D2552BF0C0002F3CF /* Products */;
			projectDirPath = "";
			projectRoot = "";
			targets = (
				50332A5B2552BF0C0002F3CF /* StoryLab */,
			);
		};
/* End PBXProject section */

/* Begin PBXResourcesBuildPhase section */
		50332A5A2552BF0C0002F3CF /* Resources */ = {
			isa = PBXResourcesBuildPhase;
			buildActionMask = 2147483647;
			files = (
				50332A672552BF0F0002F3CF /* Preview Assets.xcassets in Resources */,
				50332A642552BF0F0002F3CF /* Assets.xcassets in Resources */,
				50332A712552C0170002F3CF /* Data.json in Resources */,
			);
			runOnlyForDeploymentPostprocessing = 0;
		};
/* End PBXResourcesBuildPhase section */

/* Begin PBXSourcesBuildPhase section */
		50332A582552BF0C0002F3CF /* Sources */ = {
			isa = PBXSourcesBuildPhase;
			buildActionMask = 2147483647;
			files = (
				50332A7C2552C0A90002F3CF /* Person.swift in Sources */,
				50332A792552C0630002F3CF /* BottomTray.swift in Sources */,
				50332A622552BF0C0002F3CF /* ContentView.swift in Sources */,
				50332A752552C0470002F3CF /* CardView.swift in Sources */,
				50332A602552BF0C0002F3CF /* StoryLabApp.swift in Sources */,
				50332A802552C1470002F3CF /* BlurView.swift in Sources */,
			);
			runOnlyForDeploymentPostprocessing = 0;
		};
/* End PBXSourcesBuildPhase section */

/* Begin XCBuildConfiguration section */
		50332A692552BF0F0002F3CF /* Debug */ = {
			isa = XCBuildConfiguration;
			buildSettings = {
				ALWAYS_SEARCH_USER_PATHS = NO;
				CLANG_ANALYZER_NONNULL = YES;
				CLANG_ANALYZER_NUMBER_OBJECT_CONVERSION = YES_AGGRESSIVE;
				CLANG_CXX_LANGUAGE_STANDARD = "gnu++14";
				CLANG_CXX_LIBRARY = "libc++";
				CLANG_ENABLE_MODULES = YES;
				CLANG_ENABLE_OBJC_ARC = YES;
				CLANG_ENABLE_OBJC_WEAK = YES;
				CLANG_WARN_BLOCK_CAPTURE_AUTORELEASING = YES;
				CLANG_WARN_BOOL_CONVERSION = YES;
				CLANG_WARN_COMMA = YES;
				CLANG_WARN_CONSTANT_CONVERSION = YES;
				CLANG_WARN_DEPRECATED_OBJC_IMPLEMENTATIONS = YES;
				CLANG_WARN_DIRECT_OBJC_ISA_USAGE = YES_ERROR;
				CLANG_WARN_DOCUMENTATION_COMMENTS = YES;
				CLANG_WARN_EMPTY_BODY = YES;
				CLANG_WARN_ENUM_CONVERSION = YES;
				CLANG_WARN_INFINITE_RECURSION = YES;
				CLANG_WARN_INT_CONVERSION = YES;
				CLANG_WARN_NON_LITERAL_NULL_CONVERSION = YES;
				CLANG_WARN_OBJC_IMPLICIT_RETAIN_SELF = YES;
				CLANG_WARN_OBJC_LITERAL_CONVERSION = YES;
				CLANG_WARN_OBJC_ROOT_CLASS = YES_ERROR;
				CLANG_WARN_QUOTED_INCLUDE_IN_FRAMEWORK_HEADER = YES;
				CLANG_WARN_RANGE_LOOP_ANALYSIS = YES;
				CLANG_WARN_STRICT_PROTOTYPES = YES;
				CLANG_WARN_SUSPICIOUS_MOVE = YES;
				CLANG_WARN_UNGUARDED_AVAILABILITY = YES_AGGRESSIVE;
				CLANG_WARN_UNREACHABLE_CODE = YES;
				CLANG_WARN__DUPLICATE_METHOD_MATCH = YES;
				COPY_PHASE_STRIP = NO;
				DEBUG_INFORMATION_FORMAT = dwarf;
				ENABLE_STRICT_OBJC_MSGSEND = YES;
				ENABLE_TESTABILITY = YES;
				GCC_C_LANGUAGE_STANDARD = gnu11;
				GCC_DYNAMIC_NO_PIC = NO;
				GCC_NO_COMMON_BLOCKS = YES;
				GCC_OPTIMIZATION_LEVEL = 0;
				GCC_PREPROCESSOR_DEFINITIONS = (
					"DEBUG=1",
					"$(inherited)",
				);
				GCC_WARN_64_TO_32_BIT_CONVERSION = YES;
				GCC_WARN_ABOUT_RETURN_TYPE = YES_ERROR;
				GCC_WARN_UNDECLARED_SELECTOR = YES;
				GCC_WARN_UNINITIALIZED_AUTOS = YES_AGGRESSIVE;
				GCC_WARN_UNUSED_FUNCTION = YES;
				GCC_WARN_UNUSED_VARIABLE = YES;
				IPHONEOS_DEPLOYMENT_TARGET = 14.1;
				MTL_ENABLE_DEBUG_INFO = INCLUDE_SOURCE;
				MTL_FAST_MATH = YES;
				ONLY_ACTIVE_ARCH = YES;
				SDKROOT = iphoneos;
				SWIFT_ACTIVE_COMPILATION_CONDITIONS = DEBUG;
				SWIFT_OPTIMIZATION_LEVEL = "-Onone";
			};
			name = Debug;
		};
		50332A6A2552BF0F0002F3CF /* Release */ = {
			isa = XCBuildConfiguration;
			buildSettings = {
				ALWAYS_SEARCH_USER_PATHS = NO;
				CLANG_ANALYZER_NONNULL = YES;
				CLANG_ANALYZER_NUMBER_OBJECT_CONVERSION = YES_AGGRESSIVE;
				CLANG_CXX_LANGUAGE_STANDARD = "gnu++14";
				CLANG_CXX_LIBRARY = "libc++";
				CLANG_ENABLE_MODULES = YES;
				CLANG_ENABLE_OBJC_ARC = YES;
				CLANG_ENABLE_OBJC_WEAK = YES;
				CLANG_WARN_BLOCK_CAPTURE_AUTORELEASING = YES;
				CLANG_WARN_BOOL_CONVERSION = YES;
				CLANG_WARN_COMMA = YES;
				CLANG_WARN_CONSTANT_CONVERSION = YES;
				CLANG_WARN_DEPRECATED_OBJC_IMPLEMENTATIONS = YES;
				CLANG_WARN_DIRECT_OBJC_ISA_USAGE = YES_ERROR;
				CLANG_WARN_DOCUMENTATION_COMMENTS = YES;
				CLANG_WARN_EMPTY_BODY = YES;
				CLANG_WARN_ENUM_CONVERSION = YES;
				CLANG_WARN_INFINITE_RECURSION = YES;
				CLANG_WARN_INT_CONVERSION = YES;
				CLANG_WARN_NON_LITERAL_NULL_CONVERSION = YES;
				CLANG_WARN_OBJC_IMPLICIT_RETAIN_SELF = YES;
				CLANG_WARN_OBJC_LITERAL_CONVERSION = YES;
				CLANG_WARN_OBJC_ROOT_CLASS = YES_ERROR;
				CLANG_WARN_QUOTED_INCLUDE_IN_FRAMEWORK_HEADER = YES;
				CLANG_WARN_RANGE_LOOP_ANALYSIS = YES;
				CLANG_WARN_STRICT_PROTOTYPES = YES;
				CLANG_WARN_SUSPICIOUS_MOVE = YES;
				CLANG_WARN_UNGUARDED_AVAILABILITY = YES_AGGRESSIVE;
				CLANG_WARN_UNREACHABLE_CODE = YES;
				CLANG_WARN__DUPLICATE_METHOD_MATCH = YES;
				COPY_PHASE_STRIP = NO;
				DEBUG_INFORMATION_FORMAT = "dwarf-with-dsym";
				ENABLE_NS_ASSERTIONS = NO;
				ENABLE_STRICT_OBJC_MSGSEND = YES;
				GCC_C_LANGUAGE_STANDARD = gnu11;
				GCC_NO_COMMON_BLOCKS = YES;
				GCC_WARN_64_TO_32_BIT_CONVERSION = YES;
				GCC_WARN_ABOUT_RETURN_TYPE = YES_ERROR;
				GCC_WARN_UNDECLARED_SELECTOR = YES;
				GCC_WARN_UNINITIALIZED_AUTOS = YES_AGGRESSIVE;
				GCC_WARN_UNUSED_FUNCTION = YES;
				GCC_WARN_UNUSED_VARIABLE = YES;
				IPHONEOS_DEPLOYMENT_TARGET = 14.1;
				MTL_ENABLE_DEBUG_INFO = NO;
				MTL_FAST_MATH = YES;
				SDKROOT = iphoneos;
				SWIFT_COMPILATION_MODE = wholemodule;
				SWIFT_OPTIMIZATION_LEVEL = "-O";
				VALIDATE_PRODUCT = YES;
			};
			name = Release;
		};
		50332A6C2552BF0F0002F3CF /* Debug */ = {
			isa = XCBuildConfiguration;
			buildSettings = {
				ASSETCATALOG_COMPILER_APPICON_NAME = AppIcon;
				ASSETCATALOG_COMPILER_GLOBAL_ACCENT_COLOR_NAME = AccentColor;
				CODE_SIGN_STYLE = Automatic;
				DEVELOPMENT_ASSET_PATHS = "\"StoryLab/Preview Content\"";
				DEVELOPMENT_TEAM = T9WVQP9XA7;
				ENABLE_PREVIEWS = YES;
				INFOPLIST_FILE = StoryLab/Info.plist;
				IPHONEOS_DEPLOYMENT_TARGET = 14.0;
				LD_RUNPATH_SEARCH_PATHS = (
					"$(inherited)",
					"@executable_path/Frameworks",
				);
				PRODUCT_BUNDLE_IDENTIFIER = com.jestinantony.StoryLab;
				PRODUCT_NAME = "$(TARGET_NAME)";
				SWIFT_VERSION = 5.0;
				TARGETED_DEVICE_FAMILY = "1,2";
			};
			name = Debug;
		};
		50332A6D2552BF0F0002F3CF /* Release */ = {
			isa = XCBuildConfiguration;
			buildSettings = {
				ASSETCATALOG_COMPILER_APPICON_NAME = AppIcon;
				ASSETCATALOG_COMPILER_GLOBAL_ACCENT_COLOR_NAME = AccentColor;
				CODE_SIGN_STYLE = Automatic;
				DEVELOPMENT_ASSET_PATHS = "\"StoryLab/Preview Content\"";
				DEVELOPMENT_TEAM = T9WVQP9XA7;
				ENABLE_PREVIEWS = YES;
				INFOPLIST_FILE = StoryLab/Info.plist;
				IPHONEOS_DEPLOYMENT_TARGET = 14.0;
				LD_RUNPATH_SEARCH_PATHS = (
					"$(inherited)",
					"@executable_path/Frameworks",
				);
				PRODUCT_BUNDLE_IDENTIFIER = com.jestinantony.StoryLab;
				PRODUCT_NAME = "$(TARGET_NAME)";
				SWIFT_VERSION = 5.0;
				TARGETED_DEVICE_FAMILY = "1,2";
			};
			name = Release;
		};
/* End XCBuildConfiguration section */

/* Begin XCConfigurationList section */
		50332A572552BF0C0002F3CF /* Build configuration list for PBXProject "StoryLab" */ = {
			isa = XCConfigurationList;
			buildConfigurations = (
				50332A692552BF0F0002F3CF /* Debug */,
				50332A6A2552BF0F0002F3CF /* Release */,
			);
			defaultConfigurationIsVisible = 0;
			defaultConfigurationName = Release;
		};
		50332A6B2552BF0F0002F3CF /* Build configuration list for PBXNativeTarget "StoryLab" */ = {
			isa = XCConfigurationList;
			buildConfigurations = (
				50332A6C2552BF0F0002F3CF /* Debug */,
				50332A6D2552BF0F0002F3CF /* Release */,
			);
			defaultConfigurationIsVisible = 0;
			defaultConfigurationName = Release;
		};
/* End XCConfigurationList section */
	};
	rootObject = 50332A542552BF0C0002F3CF /* Project object */;
}
